{
  "name": "saml2-js",
  "version": "2.0.4",
  "lockfileVersion": 1,
  "requires": true,
  "dependencies": {
    "async": {
      "version": "2.6.1",
      "resolved": "https://registry.npmjs.org/async/-/async-2.6.1.tgz",
      "integrity": "sha512-fNEiL2+AZt6AlAw/29Cr0UDe4sRAHCpEHh54WMz+Bb7QfNcFw4h3loofyJpLeQs4Yx7yuqu/2dLgM5hKOs6HlQ==",
      "requires": {
        "lodash": "4.17.11"
      }
    },
    "balanced-match": {
      "version": "1.0.0",
      "resolved": "https://registry.npmjs.org/balanced-match/-/balanced-match-1.0.0.tgz",
      "integrity": "sha1-ibTRmasr7kneFk6gK4nORi1xt2c=",
      "dev": true
    },
    "brace-expansion": {
      "version": "1.1.11",
      "resolved": "https://registry.npmjs.org/brace-expansion/-/brace-expansion-1.1.11.tgz",
      "integrity": "sha512-iCuPHDFgrHX7H2vEI/5xpz07zSHB00TpugqhmYtVmMO6518mCuRMoOYFldEBl0g187ufozdaHgWKcYFb61qGiA==",
      "dev": true,
      "requires": {
        "balanced-match": "1.0.0",
        "concat-map": "0.0.1"
      }
    },
    "browser-stdout": {
      "version": "1.3.0",
      "resolved": "https://registry.npmjs.org/browser-stdout/-/browser-stdout-1.3.0.tgz",
      "integrity": "sha1-81HTKWnTL6XXpVZxVCY9korjvR8=",
      "dev": true
    },
    "coffee-script": {
      "version": "1.12.7",
      "resolved": "https://registry.npmjs.org/coffee-script/-/coffee-script-1.12.7.tgz",
      "integrity": "sha512-fLeEhqwymYat/MpTPUjSKHVYYl0ec2mOyALEMLmzr5i1isuG+6jfI2j2d5oBO3VIzgUXgBVIcOT9uH1TFxBckw==",
      "dev": true
    },
    "commander": {
      "version": "2.9.0",
      "resolved": "http://registry.npmjs.org/commander/-/commander-2.9.0.tgz",
      "integrity": "sha1-nJkJQXbhIkDLItbFFGCYQA/g99Q=",
      "dev": true,
      "requires": {
        "graceful-readlink": "1.0.1"
      }
    },
    "concat-map": {
      "version": "0.0.1",
      "resolved": "https://registry.npmjs.org/concat-map/-/concat-map-0.0.1.tgz",
      "integrity": "sha1-2Klr13/Wjfd5OnMDajug1UBdR3s=",
      "dev": true
    },
    "debug": {
      "version": "2.6.9",
      "resolved": "https://registry.npmjs.org/debug/-/debug-2.6.9.tgz",
      "integrity": "sha512-bC7ElrdJaJnPbAP+1EotYvqZsb3ecl5wi6Bfi6BJTUcNowp6cvspg0jXznRTKDjm/E7AdgFBVeAPVMNcKGsHMA==",
      "requires": {
        "ms": "2.0.0"
      }
    },
    "diff": {
      "version": "3.2.0",
      "resolved": "https://registry.npmjs.org/diff/-/diff-3.2.0.tgz",
      "integrity": "sha1-yc45Okt8vQsFinJck98pkCeGj/k=",
      "dev": true
    },
    "ejs": {
      "version": "2.6.1",
      "resolved": "https://registry.npmjs.org/ejs/-/ejs-2.6.1.tgz",
      "integrity": "sha512-0xy4A/twfrRCnkhfk8ErDi5DqdAsAqeGxht4xkCUrsvhhbQNs7E+4jV0CN7+NKIY0aHE72+XvqtBIXzD31ZbXQ=="
    },
    "escape-string-regexp": {
      "version": "1.0.5",
      "resolved": "https://registry.npmjs.org/escape-string-regexp/-/escape-string-regexp-1.0.5.tgz",
      "integrity": "sha1-G2HAViGQqN/2rjuyzwIAyhMLhtQ=",
      "dev": true
    },
    "fs.realpath": {
      "version": "1.0.0",
      "resolved": "https://registry.npmjs.org/fs.realpath/-/fs.realpath-1.0.0.tgz",
      "integrity": "sha1-FQStJSMVjKpA20onh8sBQRmU6k8=",
      "dev": true
    },
    "glob": {
      "version": "7.1.1",
      "resolved": "https://registry.npmjs.org/glob/-/glob-7.1.1.tgz",
      "integrity": "sha1-gFIR3wT6rxxjo2ADBs31reULLsg=",
      "dev": true,
      "requires": {
        "fs.realpath": "1.0.0",
        "inflight": "1.0.6",
        "inherits": "2.0.3",
        "minimatch": "3.0.4",
        "once": "1.4.0",
        "path-is-absolute": "1.0.1"
      }
    },
    "graceful-readlink": {
      "version": "1.0.1",
      "resolved": "https://registry.npmjs.org/graceful-readlink/-/graceful-readlink-1.0.1.tgz",
      "integrity": "sha1-TK+tdrxi8C+gObL5Tpo906ORpyU=",
      "dev": true
    },
    "growl": {
      "version": "1.9.2",
      "resolved": "https://registry.npmjs.org/growl/-/growl-1.9.2.tgz",
      "integrity": "sha1-Dqd0NxXbjY3ixe3hd14bRayFwC8=",
      "dev": true
    },
    "has-flag": {
      "version": "1.0.0",
      "resolved": "https://registry.npmjs.org/has-flag/-/has-flag-1.0.0.tgz",
      "integrity": "sha1-nZ55MWXOAXoA8AQYxD+UKnsdEfo=",
      "dev": true
    },
    "he": {
      "version": "1.1.1",
      "resolved": "https://registry.npmjs.org/he/-/he-1.1.1.tgz",
      "integrity": "sha1-k0EP0hsAlzUVH4howvJx80J+I/0=",
      "dev": true
    },
    "inflight": {
      "version": "1.0.6",
      "resolved": "https://registry.npmjs.org/inflight/-/inflight-1.0.6.tgz",
      "integrity": "sha1-Sb1jMdfQLQwJvJEKEHW6gWW1bfk=",
      "dev": true,
      "requires": {
        "once": "1.4.0",
        "wrappy": "1.0.2"
      }
    },
    "inherits": {
      "version": "2.0.3",
      "resolved": "https://registry.npmjs.org/inherits/-/inherits-2.0.3.tgz",
      "integrity": "sha1-Yzwsg+PaQqUC9SRmAiSA9CCCYd4=",
      "dev": true
    },
    "json3": {
      "version": "3.3.2",
      "resolved": "https://registry.npmjs.org/json3/-/json3-3.3.2.tgz",
      "integrity": "sha1-PAQ0dD35Pi9cQq7nsZvLSDV19OE=",
      "dev": true
    },
    "lodash": {
      "version": "4.17.11",
      "resolved": "https://registry.npmjs.org/lodash/-/lodash-4.17.11.tgz",
      "integrity": "sha512-cQKh8igo5QUhZ7lg38DYWAxMvjSAKG0A8wGSVimP07SIUEK2UO+arSRKbRZWtelMtN5V0Hkwh5ryOto/SshYIg=="
    },
    "lodash-node": {
      "version": "2.4.1",
      "resolved": "https://registry.npmjs.org/lodash-node/-/lodash-node-2.4.1.tgz",
      "integrity": "sha1-6oL3sQDHM9GkKvdoAeUGEF4qgOw="
    },
    "lodash._baseassign": {
      "version": "3.2.0",
      "resolved": "https://registry.npmjs.org/lodash._baseassign/-/lodash._baseassign-3.2.0.tgz",
      "integrity": "sha1-jDigmVAPIVrQnlnxci/QxSv+Ck4=",
      "dev": true,
      "requires": {
        "lodash._basecopy": "3.0.1",
        "lodash.keys": "3.1.2"
      }
    },
    "lodash._basecopy": {
      "version": "3.0.1",
      "resolved": "https://registry.npmjs.org/lodash._basecopy/-/lodash._basecopy-3.0.1.tgz",
      "integrity": "sha1-jaDmqHbPNEwK2KVIghEd08XHyjY=",
      "dev": true
    },
    "lodash._basecreate": {
      "version": "3.0.3",
      "resolved": "https://registry.npmjs.org/lodash._basecreate/-/lodash._basecreate-3.0.3.tgz",
      "integrity": "sha1-G8ZhYU2qf8MRt9A78WgGoCE8+CE=",
      "dev": true
    },
    "lodash._getnative": {
      "version": "3.9.1",
      "resolved": "https://registry.npmjs.org/lodash._getnative/-/lodash._getnative-3.9.1.tgz",
      "integrity": "sha1-VwvH3t5G1hzc3mh9ZdPuy6o6r/U=",
      "dev": true
    },
    "lodash._isiterateecall": {
      "version": "3.0.9",
      "resolved": "https://registry.npmjs.org/lodash._isiterateecall/-/lodash._isiterateecall-3.0.9.tgz",
      "integrity": "sha1-UgOte6Ql+uhCRg5pbbnPPmqsBXw=",
      "dev": true
    },
    "lodash.create": {
      "version": "3.1.1",
      "resolved": "https://registry.npmjs.org/lodash.create/-/lodash.create-3.1.1.tgz",
      "integrity": "sha1-1/KEnw29p+BGgruM1yqwIkYd6+c=",
      "dev": true,
      "requires": {
        "lodash._baseassign": "3.2.0",
        "lodash._basecreate": "3.0.3",
        "lodash._isiterateecall": "3.0.9"
      }
    },
    "lodash.isarguments": {
      "version": "3.1.0",
      "resolved": "https://registry.npmjs.org/lodash.isarguments/-/lodash.isarguments-3.1.0.tgz",
      "integrity": "sha1-L1c9hcaiQon/AGY7SRwdM4/zRYo=",
      "dev": true
    },
    "lodash.isarray": {
      "version": "3.0.4",
      "resolved": "https://registry.npmjs.org/lodash.isarray/-/lodash.isarray-3.0.4.tgz",
      "integrity": "sha1-eeTriMNqgSKvhvhEqpvNhRtfu1U=",
      "dev": true
    },
    "lodash.keys": {
      "version": "3.1.2",
      "resolved": "https://registry.npmjs.org/lodash.keys/-/lodash.keys-3.1.2.tgz",
      "integrity": "sha1-TbwEcrFWvlCgsoaFXRvQsMZWCYo=",
      "dev": true,
      "requires": {
        "lodash._getnative": "3.9.1",
        "lodash.isarguments": "3.1.0",
        "lodash.isarray": "3.0.4"
      }
    },
    "minimatch": {
      "version": "3.0.4",
      "resolved": "https://registry.npmjs.org/minimatch/-/minimatch-3.0.4.tgz",
      "integrity": "sha512-yJHVQEhyqPLUTgt9B83PXu6W3rx4MvvHvSUvToogpwoGDOUQ+yDrR0HRot+yOCdCO7u4hX3pWft6kWBBcqh0UA==",
      "dev": true,
      "requires": {
        "brace-expansion": "1.1.11"
      }
    },
    "minimist": {
      "version": "0.0.8",
      "resolved": "http://registry.npmjs.org/minimist/-/minimist-0.0.8.tgz",
      "integrity": "sha1-hX/Kv8M5fSYluCKCYuhqp6ARsF0=",
      "dev": true
    },
    "mkdirp": {
      "version": "0.5.1",
      "resolved": "http://registry.npmjs.org/mkdirp/-/mkdirp-0.5.1.tgz",
      "integrity": "sha1-MAV0OOrGz3+MR2fzhkjWaX11yQM=",
      "dev": true,
      "requires": {
        "minimist": "0.0.8"
      }
    },
    "mocha": {
      "version": "3.5.3",
      "resolved": "https://registry.npmjs.org/mocha/-/mocha-3.5.3.tgz",
      "integrity": "sha512-/6na001MJWEtYxHOV1WLfsmR4YIynkUEhBwzsb+fk2qmQ3iqsi258l/Q2MWHJMImAcNpZ8DEdYAK72NHoIQ9Eg==",
      "dev": true,
      "requires": {
        "browser-stdout": "1.3.0",
        "commander": "2.9.0",
        "debug": "2.6.8",
        "diff": "3.2.0",
        "escape-string-regexp": "1.0.5",
        "glob": "7.1.1",
        "growl": "1.9.2",
        "he": "1.1.1",
        "json3": "3.3.2",
        "lodash.create": "3.1.1",
        "mkdirp": "0.5.1",
        "supports-color": "3.1.2"
      },
      "dependencies": {
        "debug": {
          "version": "2.6.8",
          "resolved": "https://registry.npmjs.org/debug/-/debug-2.6.8.tgz",
          "integrity": "sha1-5zFTHKLt4n0YgiJCfaF4IdaP9Pw=",
          "dev": true,
          "requires": {
            "ms": "2.0.0"
          }
        }
      }
    },
    "ms": {
      "version": "2.0.0",
      "resolved": "https://registry.npmjs.org/ms/-/ms-2.0.0.tgz",
      "integrity": "sha1-VgiurfwAvmwpAd9fmGF4jeDVl8g="
    },
    "node-forge": {
      "version": "0.7.6",
      "resolved": "https://registry.npmjs.org/node-forge/-/node-forge-0.7.6.tgz",
      "integrity": "sha512-sol30LUpz1jQFBjOKwbjxijiE3b6pjd74YwfD0fJOKPjF+fONKb2Yg8rYgS6+bK6VDl+/wfr4IYpC7jDzLUIfw=="
    },
    "once": {
      "version": "1.4.0",
      "resolved": "https://registry.npmjs.org/once/-/once-1.4.0.tgz",
      "integrity": "sha1-WDsap3WWHUsROsF9nFC6753Xa9E=",
      "dev": true,
      "requires": {
        "wrappy": "1.0.2"
      }
    },
    "path-is-absolute": {
      "version": "1.0.1",
      "resolved": "https://registry.npmjs.org/path-is-absolute/-/path-is-absolute-1.0.1.tgz",
      "integrity": "sha1-F0uSaHNVNP+8es5r9TpanhtcX18=",
      "dev": true
    },
    "sax": {
      "version": "1.2.4",
      "resolved": "https://registry.npmjs.org/sax/-/sax-1.2.4.tgz",
      "integrity": "sha512-NqVDv9TpANUjFm0N8uM5GxL36UgKi9/atZw+x7YFnQ8ckwFGKrl4xX4yWtrey3UJm5nP1kUbnYgLopqWNSRhWw=="
    },
    "supports-color": {
      "version": "3.1.2",
      "resolved": "https://registry.npmjs.org/supports-color/-/supports-color-3.1.2.tgz",
      "integrity": "sha1-cqJiiU2dQIuVbKBf83su2KbiotU=",
      "dev": true,
      "requires": {
        "has-flag": "1.0.0"
      }
    },
    "underscore": {
      "version": "1.9.1",
      "resolved": "https://registry.npmjs.org/underscore/-/underscore-1.9.1.tgz",
      "integrity": "sha512-5/4etnCkd9c8gwgowi5/om/mYO5ajCaOgdzj/oW+0eQV9WxKBDZw5+ycmKmeaTXjInS/W0BzpGLo2xR2aBwZdg=="
    },
    "wrappy": {
      "version": "1.0.2",
      "resolved": "https://registry.npmjs.org/wrappy/-/wrappy-1.0.2.tgz",
      "integrity": "sha1-tSQ9jz7BqjXxNkYFvA0QNuMKtp8=",
      "dev": true
    },
    "xml-crypto": {
      "version": "0.10.1",
      "resolved": "https://registry.npmjs.org/xml-crypto/-/xml-crypto-0.10.1.tgz",
      "integrity": "sha1-+DL3TM9W8kr8rhFjofyrRNlndKg=",
      "requires": {
        "xmldom": "0.1.19",
        "xpath.js": "1.1.0"
      },
      "dependencies": {
        "xmldom": {
          "version": "0.1.19",
          "resolved": "https://registry.npmjs.org/xmldom/-/xmldom-0.1.19.tgz",
          "integrity": "sha1-Yx/Ad3bv2EEYvyUXGzftTQdaCrw="
        }
      }
    },
    "xml-encryption": {
      "version": "0.11.2",
      "resolved": "https://registry.npmjs.org/xml-encryption/-/xml-encryption-0.11.2.tgz",
      "integrity": "sha512-jVvES7i5ovdO7N+NjgncA326xYKjhqeAnnvIgRnY7ROLCfFqEDLwP0Sxp/30SHG0AXQV1048T5yinOFyvwGFzg==",
      "requires": {
        "async": "2.6.1",
        "ejs": "2.6.1",
        "node-forge": "0.7.6",
        "xmldom": "0.1.27",
        "xpath": "0.0.27"
      }
    },
    "xml2js": {
      "version": "0.4.19",
      "resolved": "https://registry.npmjs.org/xml2js/-/xml2js-0.4.19.tgz",
      "integrity": "sha512-esZnJZJOiJR9wWKMyuvSE1y6Dq5LCuJanqhxslH2bxM6duahNZ+HMpCLhBQGZkbX6xRf8x1Y2eJlgt2q3qo49Q==",
      "requires": {
        "sax": "1.2.4",
        "xmlbuilder": "9.0.7"
      },
      "dependencies": {
        "xmlbuilder": {
          "version": "9.0.7",
          "resolved": "https://registry.npmjs.org/xmlbuilder/-/xmlbuilder-9.0.7.tgz",
          "integrity": "sha1-Ey7mPS7FVlxVfiD0wi35rKaGsQ0="
        }
      }
    },
    "xmlbuilder": {
      "version": "2.2.1",
      "resolved": "https://registry.npmjs.org/xmlbuilder/-/xmlbuilder-2.2.1.tgz",
      "integrity": "sha1-kyZDDxMNh0NdTECGZDqikm4QWjI=",
      "requires": {
        "lodash-node": "2.4.1"
      }
    },
    "xmldom": {
      "version": "0.1.27",
      "resolved": "https://registry.npmjs.org/xmldom/-/xmldom-0.1.27.tgz",
      "integrity": "sha1-1QH5ezvbQDr4757MIFcxh6rawOk="
    },
    "xpath": {
      "version": "0.0.27",
      "resolved": "https://registry.npmjs.org/xpath/-/xpath-0.0.27.tgz",
      "integrity": "sha512-fg03WRxtkCV6ohClePNAECYsmpKKTv5L8y/X3Dn1hQrec3POx2jHZ/0P2qQ6HvsrU1BmeqXcof3NGGueG6LxwQ=="
    },
    "xpath.js": {
      "version": "1.1.0",
      "resolved": "https://registry.npmjs.org/xpath.js/-/xpath.js-1.1.0.tgz",
      "integrity": "sha512-jg+qkfS4K8E7965sqaUl8mRngXiKb3WZGfONgE18pr03FUQiuSV6G+Ej4tS55B+rIQSFEIw3phdVAQ4pPqNWfQ=="
    }
  }
}
